
Microsoft Visual Studio Solution File, Format Version 12.00
# Visual Studio 15
VisualStudioVersion = 15.0.28307.421
MinimumVisualStudioVersion = 10.0.40219.1
Project("{FAE04EC0-301F-11D3-BF4B-00C04F79EFBC}") = "AspNetCoreSandbox", "AspNetCoreSandbox\AspNetCoreSandbox.csproj", "{AA388654-63C4-46F2-93EA-66E75BC4C48F}"
EndProject
Global
	GlobalSection(SolutionConfigurationPlatforms) = preSolution
		Debug|Any CPU = Debug|Any CPU
		Release|Any CPU = Release|Any CPU
	EndGlobalSection
	GlobalSection(ProjectConfigurationPlatforms) = postSolution
		{AA388654-63C4-46F2-93EA-66E75BC4C48F}.Debug|Any CPU.ActiveCfg = Debug|Any CPU
		{AA388654-63C4-46F2-93EA-66E75BC4C48F}.Debug|Any CPU.Build.0 = Debug|Any CPU
		{AA388654-63C4-46F2-93EA-66E75BC4C48F}.Release|Any CPU.ActiveCfg = Release|Any CPU
		{AA388654-63C4-46F2-93EA-66E75BC4C48F}.Release|Any CPU.Build.0 = Release|Any CPU
	EndGlobalSection
	GlobalSection(SolutionProperties) = preSolution
		HideSolutionNode = FALSE
	EndGlobalSection
	GlobalSection(ExtensibilityGlobals) = postSolution
		SolutionGuid = {0832E4FE-7CC5-4204-B43F-66E5EABC2CEB}
	EndGlobalSection
EndGlobal
